dependencies:
  espressif/ds18b20:
    component_hash: d1e277cbc765de715ad2a14b1f61d4e9415bf9e3ebde0da6b3f577164ddd7fe4
    source:
      service_url: https://api.components.espressif.com/
      type: service
    version: 0.1.0
  espressif/led_strip:
    component_hash: c240f82567a37357bef313f76b0df93cb2da025835e525006096ea7e0fd61b4f
    source:
      service_url: https://api.components.espressif.com/
      type: service
    version: 2.4.3
  espressif/mdns:
    component_hash: d6665090cf41eb399c184aab6f34234251a773e052fb53ca044dcb576264c646
    source:
      service_url: https://api.components.espressif.com/
      type: service
    version: 1.2.1
  espressif/onewire_bus:
    component_hash: d7640dd153b1209c3041977282e8cf27039655c23ff42b9032080f1a61582a58
    source:
      service_url: https://api.components.espressif.com/
      type: service
    version: 1.0.0
  idf:
    component_hash: null
    source:
      type: idf
    version: 5.1.1
manifest_hash: f142c490cdb99b5192b0f519d8d55cd84482fc96cf16b6632f308bcd443ca37a
target: esp32c6
version: 1.0.0
